// !$*UTF8*$!
{
	archiveVersion = 1;
	classes = {
	};
	objectVersion = 50;
	objects = {

/* Begin PBXBuildFile section */
		4E0C223425CAEEA9002C4E6E /* AppDelegate.swift in Sources */ = {isa = PBXBuildFile; fileRef = 4E0C223325CAEEA9002C4E6E /* AppDelegate.swift */; };
		4E0C223625CAEEA9002C4E6E /* SceneDelegate.swift in Sources */ = {isa = PBXBuildFile; fileRef = 4E0C223525CAEEA9002C4E6E /* SceneDelegate.swift */; };
		4E0C223B25CAEEA9002C4E6E /* Main.storyboard in Resources */ = {isa = PBXBuildFile; fileRef = 4E0C223925CAEEA9002C4E6E /* Main.storyboard */; };
		4E0C223D25CAEEAB002C4E6E /* Assets.xcassets in Resources */ = {isa = PBXBuildFile; fileRef = 4E0C223C25CAEEAB002C4E6E /* Assets.xcassets */; };
		4E0C224025CAEEAB002C4E6E /* LaunchScreen.storyboard in Resources */ = {isa = PBXBuildFile; fileRef = 4E0C223E25CAEEAB002C4E6E /* LaunchScreen.storyboard */; };
		4E0C224F25CAEF64002C4E6E /* MovieListTableViewController.swift in Sources */ = {isa = PBXBuildFile; fileRef = 4E0C224E25CAEF64002C4E6E /* MovieListTableViewController.swift */; };
		4E0C225225CAEF87002C4E6E /* DetailViewController.swift in Sources */ = {isa = PBXBuildFile; fileRef = 4E0C225125CAEF87002C4E6E /* DetailViewController.swift */; };
		4E0C225725CAEFC1002C4E6E /* Movie.swift in Sources */ = {isa = PBXBuildFile; fileRef = 4E0C225625CAEFC1002C4E6E /* Movie.swift */; };
		4E0C225B25CAEFD1002C4E6E /* DataManager.swift in Sources */ = {isa = PBXBuildFile; fileRef = 4E0C225A25CAEFD1002C4E6E /* DataManager.swift */; };
/* End PBXBuildFile section */

/* Begin PBXFileReference section */
		4E0C223025CAEEA9002C4E6E /* MovieLists.app */ = {isa = PBXFileReference; explicitFileType = wrapper.application; includeInIndex = 0; path = MovieLists.app; sourceTree = BUILT_PRODUCTS_DIR; };
		4E0C223325CAEEA9002C4E6E /* AppDelegate.swift */ = {isa = PBXFileReference; lastKnownFileType = sourcecode.swift; path = AppDelegate.swift; sourceTree = "<group>"; };
		4E0C223525CAEEA9002C4E6E /* SceneDelegate.swift */ = {isa = PBXFileReference; lastKnownFileType = sourcecode.swift; path = SceneDelegate.swift; sourceTree = "<group>"; };
		4E0C223A25CAEEA9002C4E6E /* Base */ = {isa = PBXFileReference; lastKnownFileType = file.storyboard; name = Base; path = Base.lproj/Main.storyboard; sourceTree = "<group>"; };
		4E0C223C25CAEEAB002C4E6E /* Assets.xcassets */ = {isa = PBXFileReference; lastKnownFileType = folder.assetcatalog; path = Assets.xcassets; sourceTree = "<group>"; };
		4E0C223F25CAEEAB002C4E6E /* Base */ = {isa = PBXFileReference; lastKnownFileType = file.storyboard; name = Base; path = Base.lproj/LaunchScreen.storyboard; sourceTree = "<group>"; };
		4E0C224125CAEEAB002C4E6E /* Info.plist */ = {isa = PBXFileReference; lastKnownFileType = text.plist.xml; path = Info.plist; sourceTree = "<group>"; };
		4E0C224E25CAEF64002C4E6E /* MovieListTableViewController.swift */ = {isa = PBXFileReference; lastKnownFileType = sourcecode.swift; path = MovieListTableViewController.swift; sourceTree = "<group>"; };
		4E0C225125CAEF87002C4E6E /* DetailViewController.swift */ = {isa = PBXFileReference; lastKnownFileType = sourcecode.swift; path = DetailViewController.swift; sourceTree = "<group>"; };
		4E0C225625CAEFC1002C4E6E /* Movie.swift */ = {isa = PBXFileReference; lastKnownFileType = sourcecode.swift; path = Movie.swift; sourceTree = "<group>"; };
		4E0C225A25CAEFD1002C4E6E /* DataManager.swift */ = {isa = PBXFileReference; lastKnownFileType = sourcecode.swift; path = DataManager.swift; sourceTree = "<group>"; };
/* End PBXFileReference section */

/* Begin PBXFrameworksBuildPhase section */
		4E0C222D25CAEEA9002C4E6E /* Frameworks */ = {
			isa = PBXFrameworksBuildPhase;
			buildActionMask = 2147483647;
			files = (
			);
			runOnlyForDeploymentPostprocessing = 0;
		};
/* End PBXFrameworksBuildPhase section */

/* Begin PBXGroup section */
		4E0C222725CAEEA9002C4E6E = {
			isa = PBXGroup;
			children = (
				4E0C223225CAEEA9002C4E6E /* MovieLists */,
				4E0C223125CAEEA9002C4E6E /* Products */,
			);
			sourceTree = "<group>";
		};
		4E0C223125CAEEA9002C4E6E /* Products */ = {
			isa = PBXGroup;
			children = (
				4E0C223025CAEEA9002C4E6E /* MovieLists.app */,
			);
			name = Products;
			sourceTree = "<group>";
		};
		4E0C223225CAEEA9002C4E6E /* MovieLists */ = {
			isa = PBXGroup;
			children = (
				4E0C224825CAEECC002C4E6E /* Delegate */,
				4E0C225425CAEF9B002C4E6E /* ModelManager */,
				4E0C225525CAEFAE002C4E6E /* Model */,
				4E0C224B25CAEEF8002C4E6E /* Controllers */,
				4E0C224A25CAEEE9002C4E6E /* View */,
				4E0C223C25CAEEAB002C4E6E /* Assets.xcassets */,
				4E0C224125CAEEAB002C4E6E /* Info.plist */,
			);
			path = MovieLists;
			sourceTree = "<group>";
		};
		4E0C224825CAEECC002C4E6E /* Delegate */ = {
			isa = PBXGroup;
			children = (
				4E0C223325CAEEA9002C4E6E /* AppDelegate.swift */,
				4E0C223525CAEEA9002C4E6E /* SceneDelegate.swift */,
			);
			path = Delegate;
			sourceTree = "<group>";
		};
		4E0C224A25CAEEE9002C4E6E /* View */ = {
			isa = PBXGroup;
			children = (
				4E0C223925CAEEA9002C4E6E /* Main.storyboard */,
				4E0C223E25CAEEAB002C4E6E /* LaunchScreen.storyboard */,
			);
			path = View;
			sourceTree = "<group>";
		};
		4E0C224B25CAEEF8002C4E6E /* Controllers */ = {
			isa = PBXGroup;
			children = (
				4E0C224E25CAEF64002C4E6E /* MovieListTableViewController.swift */,
				4E0C225125CAEF87002C4E6E /* DetailViewController.swift */,
			);
			path = Controllers;
			sourceTree = "<group>";
		};
		4E0C225425CAEF9B002C4E6E /* ModelManager */ = {
			isa = PBXGroup;
			children = (
				4E0C225A25CAEFD1002C4E6E /* DataManager.swift */,
			);
			path = ModelManager;
			sourceTree = "<group>";
		};
		4E0C225525CAEFAE002C4E6E /* Model */ = {
			isa = PBXGroup;
			children = (
				4E0C225625CAEFC1002C4E6E /* Movie.swift */,
			);
			path = Model;
			sourceTree = "<group>";
		};
/* End PBXGroup section */

/* Begin PBXNativeTarget section */
		4E0C222F25CAEEA9002C4E6E /* MovieLists */ = {
			isa = PBXNativeTarget;
			buildConfigurationList = 4E0C224425CAEEAB002C4E6E /* Build configuration list for PBXNativeTarget "MovieLists" */;
			buildPhases = (
				4E0C222C25CAEEA9002C4E6E /* Sources */,
				4E0C222D25CAEEA9002C4E6E /* Frameworks */,
				4E0C222E25CAEEA9002C4E6E /* Resources */,
			);
			buildRules = (
			);
			dependencies = (
			);
			name = MovieLists;
			productName = MovieLists;
			productReference = 4E0C223025CAEEA9002C4E6E /* MovieLists.app */;
			productType = "com.apple.product-type.application";
		};
/* End PBXNativeTarget section */

/* Begin PBXProject section */
		4E0C222825CAEEA9002C4E6E /* Project object */ = {
			isa = PBXProject;
			attributes = {
				LastSwiftUpdateCheck = 1230;
				LastUpgradeCheck = 1230;
				TargetAttributes = {
					4E0C222F25CAEEA9002C4E6E = {
						CreatedOnToolsVersion = 12.3;
					};
				};
			};
			buildConfigurationList = 4E0C222B25CAEEA9002C4E6E /* Build configuration list for PBXProject "MovieLists" */;
			compatibilityVersion = "Xcode 9.3";
			developmentRegion = en;
			hasScannedForEncodings = 0;
			knownRegions = (
				en,
				Base,
			);
			mainGroup = 4E0C222725CAEEA9002C4E6E;
			productRefGroup = 4E0C223125CAEEA9002C4E6E /* Products */;
			projectDirPath = "";
			projectRoot = "";
			targets = (
				4E0C222F25CAEEA9002C4E6E /* MovieLists */,
			);
		};
/* End PBXProject section */

/* Begin PBXResourcesBuildPhase section */
		4E0C222E25CAEEA9002C4E6E /* Resources */ = {
			isa = PBXResourcesBuildPhase;
			buildActionMask = 2147483647;
			files = (
				4E0C224025CAEEAB002C4E6E /* LaunchScreen.storyboard in Resources */,
				4E0C223D25CAEEAB002C4E6E /* Assets.xcassets in Resources */,
				4E0C223B25CAEEA9002C4E6E /* Main.storyboard in Resources */,
			);
			runOnlyForDeploymentPostprocessing = 0;
		};
/* End PBXResourcesBuildPhase section */

/* Begin PBXSourcesBuildPhase section */
		4E0C222C25CAEEA9002C4E6E /* Sources */ = {
			isa = PBXSourcesBuildPhase;
			buildActionMask = 2147483647;
			files = (
				4E0C224F25CAEF64002C4E6E /* MovieListTableViewController.swift in Sources */,
				4E0C225B25CAEFD1002C4E6E /* DataManager.swift in Sources */,
				4E0C223425CAEEA9002C4E6E /* AppDelegate.swift in Sources */,
				4E0C223625CAEEA9002C4E6E /* SceneDelegate.swift in Sources */,
				4E0C225225CAEF87002C4E6E /* DetailViewController.swift in Sources */,
				4E0C225725CAEFC1002C4E6E /* Movie.swift in Sources */,
			);
			runOnlyForDeploymentPostprocessing = 0;
		};
/* End PBXSourcesBuildPhase section */

/* Begin PBXVariantGroup section */
		4E0C223925CAEEA9002C4E6E /* Main.storyboard */ = {
			isa = PBXVariantGroup;
			children = (
				4E0C223A25CAEEA9002C4E6E /* Base */,
			);
			name = Main.storyboard;
			sourceTree = "<group>";
		};
		4E0C223E25CAEEAB002C4E6E /* LaunchScreen.storyboard */ = {
			isa = PBXVariantGroup;
			children = (
				4E0C223F25CAEEAB002C4E6E /* Base */,
			);
			name = LaunchScreen.storyboard;
			sourceTree = "<group>";
		};
/* End PBXVariantGroup section */

/* Begin XCBuildConfiguration section */
		4E0C224225CAEEAB002C4E6E /* Debug */ = {
			isa = XCBuildConfiguration;
			buildSettings = {
				ALWAYS_SEARCH_USER_PATHS = NO;
				CLANG_ANALYZER_NONNULL = YES;
				CLANG_ANALYZER_NUMBER_OBJECT_CONVERSION = YES_AGGRESSIVE;
				CLANG_CXX_LANGUAGE_STANDARD = "gnu++14";
				CLANG_CXX_LIBRARY = "libc++";
				CLANG_ENABLE_MODULES = YES;
				CLANG_ENABLE_OBJC_ARC = YES;
				CLANG_ENABLE_OBJC_WEAK = YES;
				CLANG_WARN_BLOCK_CAPTURE_AUTORELEASING = YES;
				CLANG_WARN_BOOL_CONVERSION = YES;
				CLANG_WARN_COMMA = YES;
				CLANG_WARN_CONSTANT_CONVERSION = YES;
				CLANG_WARN_DEPRECATED_OBJC_IMPLEMENTATIONS = YES;
				CLANG_WARN_DIRECT_OBJC_ISA_USAGE = YES_ERROR;
				CLANG_WARN_DOCUMENTATION_COMMENTS = YES;
				CLANG_WARN_EMPTY_BODY = YES;
				CLANG_WARN_ENUM_CONVERSION = YES;
				CLANG_WARN_INFINITE_RECURSION = YES;
				CLANG_WARN_INT_CONVERSION = YES;
				CLANG_WARN_NON_LITERAL_NULL_CONVERSION = YES;
				CLANG_WARN_OBJC_IMPLICIT_RETAIN_SELF = YES;
				CLANG_WARN_OBJC_LITERAL_CONVERSION = YES;
				CLANG_WARN_OBJC_ROOT_CLASS = YES_ERROR;
				CLANG_WARN_QUOTED_INCLUDE_IN_FRAMEWORK_HEADER = YES;
				CLANG_WARN_RANGE_LOOP_ANALYSIS = YES;
				CLANG_WARN_STRICT_PROTOTYPES = YES;
				CLANG_WARN_SUSPICIOUS_MOVE = YES;
				CLANG_WARN_UNGUARDED_AVAILABILITY = YES_AGGRESSIVE;
				CLANG_WARN_UNREACHABLE_CODE = YES;
				CLANG_WARN__DUPLICATE_METHOD_MATCH = YES;
				COPY_PHASE_STRIP = NO;
				DEBUG_INFORMATION_FORMAT = dwarf;
				ENABLE_STRICT_OBJC_MSGSEND = YES;
				ENABLE_TESTABILITY = YES;
				GCC_C_LANGUAGE_STANDARD = gnu11;
				GCC_DYNAMIC_NO_PIC = NO;
				GCC_NO_COMMON_BLOCKS = YES;
				GCC_OPTIMIZATION_LEVEL = 0;
				GCC_PREPROCESSOR_DEFINITIONS = (
					"DEBUG=1",
					"$(inherited)",
				);
				GCC_WARN_64_TO_32_BIT_CONVERSION = YES;
				GCC_WARN_ABOUT_RETURN_TYPE = YES_ERROR;
				GCC_WARN_UNDECLARED_SELECTOR = YES;
				GCC_WARN_UNINITIALIZED_AUTOS = YES_AGGRESSIVE;
				GCC_WARN_UNUSED_FUNCTION = YES;
				GCC_WARN_UNUSED_VARIABLE = YES;
				IPHONEOS_DEPLOYMENT_TARGET = 14.3;
				MTL_ENABLE_DEBUG_INFO = INCLUDE_SOURCE;
				MTL_FAST_MATH = YES;
				ONLY_ACTIVE_ARCH = YES;
				SDKROOT = iphoneos;
				SWIFT_ACTIVE_COMPILATION_CONDITIONS = DEBUG;
				SWIFT_OPTIMIZATION_LEVEL = "-Onone";
			};
			name = Debug;
		};
		4E0C224325CAEEAB002C4E6E /* Release */ = {
			isa = XCBuildConfiguration;
			buildSettings = {
				ALWAYS_SEARCH_USER_PATHS = NO;
				CLANG_ANALYZER_NONNULL = YES;
				CLANG_ANALYZER_NUMBER_OBJECT_CONVERSION = YES_AGGRESSIVE;
				CLANG_CXX_LANGUAGE_STANDARD = "gnu++14";
				CLANG_CXX_LIBRARY = "libc++";
				CLANG_ENABLE_MODULES = YES;
				CLANG_ENABLE_OBJC_ARC = YES;
				CLANG_ENABLE_OBJC_WEAK = YES;
				CLANG_WARN_BLOCK_CAPTURE_AUTORELEASING = YES;
				CLANG_WARN_BOOL_CONVERSION = YES;
				CLANG_WARN_COMMA = YES;
				CLANG_WARN_CONSTANT_CONVERSION = YES;
				CLANG_WARN_DEPRECATED_OBJC_IMPLEMENTATIONS = YES;
				CLANG_WARN_DIRECT_OBJC_ISA_USAGE = YES_ERROR;
				CLANG_WARN_DOCUMENTATION_COMMENTS = YES;
				CLANG_WARN_EMPTY_BODY = YES;
				CLANG_WARN_ENUM_CONVERSION = YES;
				CLANG_WARN_INFINITE_RECURSION = YES;
				CLANG_WARN_INT_CONVERSION = YES;
				CLANG_WARN_NON_LITERAL_NULL_CONVERSION = YES;
				CLANG_WARN_OBJC_IMPLICIT_RETAIN_SELF = YES;
				CLANG_WARN_OBJC_LITERAL_CONVERSION = YES;
				CLANG_WARN_OBJC_ROOT_CLASS = YES_ERROR;
				CLANG_WARN_QUOTED_INCLUDE_IN_FRAMEWORK_HEADER = YES;
				CLANG_WARN_RANGE_LOOP_ANALYSIS = YES;
				CLANG_WARN_STRICT_PROTOTYPES = YES;
				CLANG_WARN_SUSPICIOUS_MOVE = YES;
				CLANG_WARN_UNGUARDED_AVAILABILITY = YES_AGGRESSIVE;
				CLANG_WARN_UNREACHABLE_CODE = YES;
				CLANG_WARN__DUPLICATE_METHOD_MATCH = YES;
				COPY_PHASE_STRIP = NO;
				DEBUG_INFORMATION_FORMAT = "dwarf-with-dsym";
				ENABLE_NS_ASSERTIONS = NO;
				ENABLE_STRICT_OBJC_MSGSEND = YES;
				GCC_C_LANGUAGE_STANDARD = gnu11;
				GCC_NO_COMMON_BLOCKS = YES;
				GCC_WARN_64_TO_32_BIT_CONVERSION = YES;
				GCC_WARN_ABOUT_RETURN_TYPE = YES_ERROR;
				GCC_WARN_UNDECLARED_SELECTOR = YES;
				GCC_WARN_UNINITIALIZED_AUTOS = YES_AGGRESSIVE;
				GCC_WARN_UNUSED_FUNCTION = YES;
				GCC_WARN_UNUSED_VARIABLE = YES;
				IPHONEOS_DEPLOYMENT_TARGET = 14.3;
				MTL_ENABLE_DEBUG_INFO = NO;
				MTL_FAST_MATH = YES;
				SDKROOT = iphoneos;
				SWIFT_COMPILATION_MODE = wholemodule;
				SWIFT_OPTIMIZATION_LEVEL = "-O";
				VALIDATE_PRODUCT = YES;
			};
			name = Release;
		};
		4E0C224525CAEEAB002C4E6E /* Debug */ = {
			isa = XCBuildConfiguration;
			buildSettings = {
				ASSETCATALOG_COMPILER_APPICON_NAME = AppIcon;
				ASSETCATALOG_COMPILER_GLOBAL_ACCENT_COLOR_NAME = AccentColor;
				CODE_SIGN_STYLE = Automatic;
				DEVELOPMENT_TEAM = V7A9HLG83X;
				INFOPLIST_FILE = MovieLists/Info.plist;
				LD_RUNPATH_SEARCH_PATHS = (
					"$(inherited)",
					"@executable_path/Frameworks",
				);
				PRODUCT_BUNDLE_IDENTIFIER = lv.accenturee.bootcamp.MovieLists;
				PRODUCT_NAME = "$(TARGET_NAME)";
				SWIFT_VERSION = 5.0;
				TARGETED_DEVICE_FAMILY = "1,2";
			};
			name = Debug;
		};
		4E0C224625CAEEAB002C4E6E /* Release */ = {
			isa = XCBuildConfiguration;
			buildSettings = {
				ASSETCATALOG_COMPILER_APPICON_NAME = AppIcon;
				ASSETCATALOG_COMPILER_GLOBAL_ACCENT_COLOR_NAME = AccentColor;
				CODE_SIGN_STYLE = Automatic;
				DEVELOPMENT_TEAM = V7A9HLG83X;
				INFOPLIST_FILE = MovieLists/Info.plist;
				LD_RUNPATH_SEARCH_PATHS = (
					"$(inherited)",
					"@executable_path/Frameworks",
				);
				PRODUCT_BUNDLE_IDENTIFIER = lv.accenturee.bootcamp.MovieLists;
				PRODUCT_NAME = "$(TARGET_NAME)";
				SWIFT_VERSION = 5.0;
				TARGETED_DEVICE_FAMILY = "1,2";
			};
			name = Release;
		};
/* End XCBuildConfiguration section */

/* Begin XCConfigurationList section */
		4E0C222B25CAEEA9002C4E6E /* Build configuration list for PBXProject "MovieLists" */ = {
			isa = XCConfigurationList;
			buildConfigurations = (
				4E0C224225CAEEAB002C4E6E /* Debug */,
				4E0C224325CAEEAB002C4E6E /* Release */,
			);
			defaultConfigurationIsVisible = 0;
			defaultConfigurationName = Release;
		};
		4E0C224425CAEEAB002C4E6E /* Build configuration list for PBXNativeTarget "MovieLists" */ = {
			isa = XCConfigurationList;
			buildConfigurations = (
				4E0C224525CAEEAB002C4E6E /* Debug */,
				4E0C224625CAEEAB002C4E6E /* Release */,
			);
			defaultConfigurationIsVisible = 0;
			defaultConfigurationName = Release;
		};
/* End XCConfigurationList section */
	};
	rootObject = 4E0C222825CAEEA9002C4E6E /* Project object */;
}
